// !$*UTF8*$!
{
	archiveVersion = 1;
	classes = {
	};
	objectVersion = 46;
	objects = {

/* Begin PBXBuildFile section */
		D56C131019E5D9DA00BBA749 /* SingleTweetViewController.swift in Sources */ = {isa = PBXBuildFile; fileRef = D56C130F19E5D9DA00BBA749 /* SingleTweetViewController.swift */; };
		D56C131219E7087400BBA749 /* TweetCell.xib in Resources */ = {isa = PBXBuildFile; fileRef = D56C131119E7087400BBA749 /* TweetCell.xib */; };
		D56C131419E73B2F00BBA749 /* UserTimeLineViewController.swift in Sources */ = {isa = PBXBuildFile; fileRef = D56C131319E73B2F00BBA749 /* UserTimeLineViewController.swift */; };
		D56C131619E882CA00BBA749 /* TweetCell.swift in Sources */ = {isa = PBXBuildFile; fileRef = D56C131519E882CA00BBA749 /* TweetCell.swift */; };
		D5888B9319E34A7700E9CE99 /* AppDelegate.swift in Sources */ = {isa = PBXBuildFile; fileRef = D5888B9219E34A7700E9CE99 /* AppDelegate.swift */; };
		D5888B9619E34A7700E9CE99 /* TwitterClone.xcdatamodeld in Sources */ = {isa = PBXBuildFile; fileRef = D5888B9419E34A7700E9CE99 /* TwitterClone.xcdatamodeld */; };
		D5888B9B19E34A7700E9CE99 /* Main.storyboard in Resources */ = {isa = PBXBuildFile; fileRef = D5888B9919E34A7700E9CE99 /* Main.storyboard */; };
		D5888B9D19E34A7700E9CE99 /* Images.xcassets in Resources */ = {isa = PBXBuildFile; fileRef = D5888B9C19E34A7700E9CE99 /* Images.xcassets */; };
		D5888BA019E34A7700E9CE99 /* LaunchScreen.xib in Resources */ = {isa = PBXBuildFile; fileRef = D5888B9E19E34A7700E9CE99 /* LaunchScreen.xib */; };
		D5888BAC19E34A7800E9CE99 /* TwitterCloneTests.swift in Sources */ = {isa = PBXBuildFile; fileRef = D5888BAB19E34A7800E9CE99 /* TwitterCloneTests.swift */; };
		D5888BB919E34AB400E9CE99 /* Tweet.swift in Sources */ = {isa = PBXBuildFile; fileRef = D5888BB819E34AB400E9CE99 /* Tweet.swift */; };
		D5888BBB19E34AE200E9CE99 /* HomeTimeLineViewController.swift in Sources */ = {isa = PBXBuildFile; fileRef = D5888BBA19E34AE200E9CE99 /* HomeTimeLineViewController.swift */; };
		D5888BBD19E34C0300E9CE99 /* tweet.json in Resources */ = {isa = PBXBuildFile; fileRef = D5888BBC19E34C0300E9CE99 /* tweet.json */; };
		D5888BC419E3502D00E9CE99 /* README in Resources */ = {isa = PBXBuildFile; fileRef = D5888BC219E3502D00E9CE99 /* README */; };
		D5888BC519E3502D00E9CE99 /* TemplateIcon2x.png in Resources */ = {isa = PBXBuildFile; fileRef = D5888BC319E3502D00E9CE99 /* TemplateIcon2x.png */; };
		D5888BD119E5B4BA00E9CE99 /* NetworkController.swift in Sources */ = {isa = PBXBuildFile; fileRef = D5888BD019E5B4BA00E9CE99 /* NetworkController.swift */; };
/* End PBXBuildFile section */

/* Begin PBXContainerItemProxy section */
		D5888BA619E34A7800E9CE99 /* PBXContainerItemProxy */ = {
			isa = PBXContainerItemProxy;
			containerPortal = D5888B8519E34A7700E9CE99 /* Project object */;
			proxyType = 1;
			remoteGlobalIDString = D5888B8C19E34A7700E9CE99;
			remoteInfo = TwitterClone;
		};
/* End PBXContainerItemProxy section */

/* Begin PBXFileReference section */
		D56C130F19E5D9DA00BBA749 /* SingleTweetViewController.swift */ = {isa = PBXFileReference; fileEncoding = 4; lastKnownFileType = sourcecode.swift; path = SingleTweetViewController.swift; sourceTree = "<group>"; };
		D56C131119E7087400BBA749 /* TweetCell.xib */ = {isa = PBXFileReference; fileEncoding = 4; lastKnownFileType = file.xib; path = TweetCell.xib; sourceTree = "<group>"; };
		D56C131319E73B2F00BBA749 /* UserTimeLineViewController.swift */ = {isa = PBXFileReference; fileEncoding = 4; lastKnownFileType = sourcecode.swift; path = UserTimeLineViewController.swift; sourceTree = "<group>"; };
		D56C131519E882CA00BBA749 /* TweetCell.swift */ = {isa = PBXFileReference; fileEncoding = 4; lastKnownFileType = sourcecode.swift; path = TweetCell.swift; sourceTree = "<group>"; };
		D5888B8D19E34A7700E9CE99 /* TwitterClone.app */ = {isa = PBXFileReference; explicitFileType = wrapper.application; includeInIndex = 0; path = TwitterClone.app; sourceTree = BUILT_PRODUCTS_DIR; };
		D5888B9119E34A7700E9CE99 /* Info.plist */ = {isa = PBXFileReference; lastKnownFileType = text.plist.xml; path = Info.plist; sourceTree = "<group>"; };
		D5888B9219E34A7700E9CE99 /* AppDelegate.swift */ = {isa = PBXFileReference; lastKnownFileType = sourcecode.swift; path = AppDelegate.swift; sourceTree = "<group>"; };
		D5888B9519E34A7700E9CE99 /* TwitterClone.xcdatamodel */ = {isa = PBXFileReference; lastKnownFileType = wrapper.xcdatamodel; path = TwitterClone.xcdatamodel; sourceTree = "<group>"; };
		D5888B9A19E34A7700E9CE99 /* Base */ = {isa = PBXFileReference; lastKnownFileType = file.storyboard; name = Base; path = Base.lproj/Main.storyboard; sourceTree = "<group>"; };
		D5888B9C19E34A7700E9CE99 /* Images.xcassets */ = {isa = PBXFileReference; lastKnownFileType = folder.assetcatalog; path = Images.xcassets; sourceTree = "<group>"; };
		D5888B9F19E34A7700E9CE99 /* Base */ = {isa = PBXFileReference; lastKnownFileType = file.xib; name = Base; path = Base.lproj/LaunchScreen.xib; sourceTree = "<group>"; };
		D5888BA519E34A7800E9CE99 /* TwitterCloneTests.xctest */ = {isa = PBXFileReference; explicitFileType = wrapper.cfbundle; includeInIndex = 0; path = TwitterCloneTests.xctest; sourceTree = BUILT_PRODUCTS_DIR; };
		D5888BAA19E34A7800E9CE99 /* Info.plist */ = {isa = PBXFileReference; lastKnownFileType = text.plist.xml; path = Info.plist; sourceTree = "<group>"; };
		D5888BAB19E34A7800E9CE99 /* TwitterCloneTests.swift */ = {isa = PBXFileReference; lastKnownFileType = sourcecode.swift; path = TwitterCloneTests.swift; sourceTree = "<group>"; };
		D5888BB819E34AB400E9CE99 /* Tweet.swift */ = {isa = PBXFileReference; fileEncoding = 4; lastKnownFileType = sourcecode.swift; path = Tweet.swift; sourceTree = "<group>"; };
		D5888BBA19E34AE200E9CE99 /* HomeTimeLineViewController.swift */ = {isa = PBXFileReference; fileEncoding = 4; lastKnownFileType = sourcecode.swift; path = HomeTimeLineViewController.swift; sourceTree = "<group>"; };
		D5888BBC19E34C0300E9CE99 /* tweet.json */ = {isa = PBXFileReference; fileEncoding = 4; lastKnownFileType = text.json; name = tweet.json; path = ../../../../iOSacc/TwitterClone/TwitterClone/tweet.json; sourceTree = "<group>"; };
		D5888BC219E3502D00E9CE99 /* README */ = {isa = PBXFileReference; fileEncoding = 4; lastKnownFileType = text; path = README; sourceTree = "<group>"; };
		D5888BC319E3502D00E9CE99 /* TemplateIcon2x.png */ = {isa = PBXFileReference; lastKnownFileType = image.png; path = TemplateIcon2x.png; sourceTree = "<group>"; };
		D5888BD019E5B4BA00E9CE99 /* NetworkController.swift */ = {isa = PBXFileReference; fileEncoding = 4; lastKnownFileType = sourcecode.swift; path = NetworkController.swift; sourceTree = "<group>"; };
/* End PBXFileReference section */

/* Begin PBXFrameworksBuildPhase section */
		D5888B8A19E34A7700E9CE99 /* Frameworks */ = {
			isa = PBXFrameworksBuildPhase;
			buildActionMask = 2147483647;
			files = (
			);
			runOnlyForDeploymentPostprocessing = 0;
		};
		D5888BA219E34A7800E9CE99 /* Frameworks */ = {
			isa = PBXFrameworksBuildPhase;
			buildActionMask = 2147483647;
			files = (
			);
			runOnlyForDeploymentPostprocessing = 0;
		};
/* End PBXFrameworksBuildPhase section */

/* Begin PBXGroup section */
		D5888B8419E34A7700E9CE99 = {
			isa = PBXGroup;
			children = (
				D5888BC219E3502D00E9CE99 /* README */,
				D5888BC319E3502D00E9CE99 /* TemplateIcon2x.png */,
				D5888B8F19E34A7700E9CE99 /* TwitterClone */,
				D5888BA819E34A7800E9CE99 /* TwitterCloneTests */,
				D5888B8E19E34A7700E9CE99 /* Products */,
			);
			sourceTree = "<group>";
		};
		D5888B8E19E34A7700E9CE99 /* Products */ = {
			isa = PBXGroup;
			children = (
				D5888B8D19E34A7700E9CE99 /* TwitterClone.app */,
				D5888BA519E34A7800E9CE99 /* TwitterCloneTests.xctest */,
			);
			name = Products;
			sourceTree = "<group>";
		};
		D5888B8F19E34A7700E9CE99 /* TwitterClone */ = {
			isa = PBXGroup;
			children = (
				D5888B9219E34A7700E9CE99 /* AppDelegate.swift */,
				D5888BB719E34A9500E9CE99 /* Controller Layer */,
				D5888BB619E34A8B00E9CE99 /* View Layer */,
				D5888BB519E34A8500E9CE99 /* Model Layer */,
				D5888B9919E34A7700E9CE99 /* Main.storyboard */,
				D5888BB819E34AB400E9CE99 /* Tweet.swift */,
				D5888BBC19E34C0300E9CE99 /* tweet.json */,
				D5888B9C19E34A7700E9CE99 /* Images.xcassets */,
				D5888B9E19E34A7700E9CE99 /* LaunchScreen.xib */,
				D5888B9419E34A7700E9CE99 /* TwitterClone.xcdatamodeld */,
				D5888B9019E34A7700E9CE99 /* Supporting Files */,
			);
			path = TwitterClone;
			sourceTree = "<group>";
		};
		D5888B9019E34A7700E9CE99 /* Supporting Files */ = {
			isa = PBXGroup;
			children = (
				D5888B9119E34A7700E9CE99 /* Info.plist */,
			);
			name = "Supporting Files";
			sourceTree = "<group>";
		};
		D5888BA819E34A7800E9CE99 /* TwitterCloneTests */ = {
			isa = PBXGroup;
			children = (
				D5888BAB19E34A7800E9CE99 /* TwitterCloneTests.swift */,
				D5888BA919E34A7800E9CE99 /* Supporting Files */,
			);
			path = TwitterCloneTests;
			sourceTree = "<group>";
		};
		D5888BA919E34A7800E9CE99 /* Supporting Files */ = {
			isa = PBXGroup;
			children = (
				D5888BAA19E34A7800E9CE99 /* Info.plist */,
			);
			name = "Supporting Files";
			sourceTree = "<group>";
		};
		D5888BB519E34A8500E9CE99 /* Model Layer */ = {
			isa = PBXGroup;
			children = (
			);
			name = "Model Layer";
			sourceTree = "<group>";
		};
		D5888BB619E34A8B00E9CE99 /* View Layer */ = {
			isa = PBXGroup;
			children = (
			);
			name = "View Layer";
			sourceTree = "<group>";
		};
		D5888BB719E34A9500E9CE99 /* Controller Layer */ = {
			isa = PBXGroup;
			children = (
				D5888BBA19E34AE200E9CE99 /* HomeTimeLineViewController.swift */,
				D56C131319E73B2F00BBA749 /* UserTimeLineViewController.swift */,
				D5888BD019E5B4BA00E9CE99 /* NetworkController.swift */,
				D56C131519E882CA00BBA749 /* TweetCell.swift */,
				D56C131119E7087400BBA749 /* TweetCell.xib */,
				D56C130F19E5D9DA00BBA749 /* SingleTweetViewController.swift */,
			);
			name = "Controller Layer";
			sourceTree = "<group>";
		};
/* End PBXGroup section */

/* Begin PBXNativeTarget section */
		D5888B8C19E34A7700E9CE99 /* TwitterClone */ = {
			isa = PBXNativeTarget;
			buildConfigurationList = D5888BAF19E34A7800E9CE99 /* Build configuration list for PBXNativeTarget "TwitterClone" */;
			buildPhases = (
				D5888B8919E34A7700E9CE99 /* Sources */,
				D5888B8A19E34A7700E9CE99 /* Frameworks */,
				D5888B8B19E34A7700E9CE99 /* Resources */,
			);
			buildRules = (
			);
			dependencies = (
			);
			name = TwitterClone;
			productName = TwitterClone;
			productReference = D5888B8D19E34A7700E9CE99 /* TwitterClone.app */;
			productType = "com.apple.product-type.application";
		};
		D5888BA419E34A7800E9CE99 /* TwitterCloneTests */ = {
			isa = PBXNativeTarget;
			buildConfigurationList = D5888BB219E34A7800E9CE99 /* Build configuration list for PBXNativeTarget "TwitterCloneTests" */;
			buildPhases = (
				D5888BA119E34A7800E9CE99 /* Sources */,
				D5888BA219E34A7800E9CE99 /* Frameworks */,
				D5888BA319E34A7800E9CE99 /* Resources */,
			);
			buildRules = (
			);
			dependencies = (
				D5888BA719E34A7800E9CE99 /* PBXTargetDependency */,
			);
			name = TwitterCloneTests;
			productName = TwitterCloneTests;
			productReference = D5888BA519E34A7800E9CE99 /* TwitterCloneTests.xctest */;
			productType = "com.apple.product-type.bundle.unit-test";
		};
/* End PBXNativeTarget section */

/* Begin PBXProject section */
		D5888B8519E34A7700E9CE99 /* Project object */ = {
			isa = PBXProject;
			attributes = {
				LastUpgradeCheck = 0600;
				ORGANIZATIONNAME = "Matthew Brightbill";
				TargetAttributes = {
					D5888B8C19E34A7700E9CE99 = {
						CreatedOnToolsVersion = 6.0.1;
					};
					D5888BA419E34A7800E9CE99 = {
						CreatedOnToolsVersion = 6.0.1;
						TestTargetID = D5888B8C19E34A7700E9CE99;
					};
				};
			};
			buildConfigurationList = D5888B8819E34A7700E9CE99 /* Build configuration list for PBXProject "TwitterClone" */;
			compatibilityVersion = "Xcode 3.2";
			developmentRegion = English;
			hasScannedForEncodings = 0;
			knownRegions = (
				en,
				Base,
			);
			mainGroup = D5888B8419E34A7700E9CE99;
			productRefGroup = D5888B8E19E34A7700E9CE99 /* Products */;
			projectDirPath = "";
			projectRoot = "";
			targets = (
				D5888B8C19E34A7700E9CE99 /* TwitterClone */,
				D5888BA419E34A7800E9CE99 /* TwitterCloneTests */,
			);
		};
/* End PBXProject section */

/* Begin PBXResourcesBuildPhase section */
		D5888B8B19E34A7700E9CE99 /* Resources */ = {
			isa = PBXResourcesBuildPhase;
			buildActionMask = 2147483647;
			files = (
				D5888BC419E3502D00E9CE99 /* README in Resources */,
				D5888B9B19E34A7700E9CE99 /* Main.storyboard in Resources */,
				D5888BC519E3502D00E9CE99 /* TemplateIcon2x.png in Resources */,
				D56C131219E7087400BBA749 /* TweetCell.xib in Resources */,
				D5888BA019E34A7700E9CE99 /* LaunchScreen.xib in Resources */,
				D5888B9D19E34A7700E9CE99 /* Images.xcassets in Resources */,
				D5888BBD19E34C0300E9CE99 /* tweet.json in Resources */,
			);
			runOnlyForDeploymentPostprocessing = 0;
		};
		D5888BA319E34A7800E9CE99 /* Resources */ = {
			isa = PBXResourcesBuildPhase;
			buildActionMask = 2147483647;
			files = (
			);
			runOnlyForDeploymentPostprocessing = 0;
		};
/* End PBXResourcesBuildPhase section */

/* Begin PBXSourcesBuildPhase section */
		D5888B8919E34A7700E9CE99 /* Sources */ = {
			isa = PBXSourcesBuildPhase;
			buildActionMask = 2147483647;
			files = (
				D56C131419E73B2F00BBA749 /* UserTimeLineViewController.swift in Sources */,
				D5888BBB19E34AE200E9CE99 /* HomeTimeLineViewController.swift in Sources */,
				D5888BB919E34AB400E9CE99 /* Tweet.swift in Sources */,
				D56C131619E882CA00BBA749 /* TweetCell.swift in Sources */,
				D5888BD119E5B4BA00E9CE99 /* NetworkController.swift in Sources */,
				D56C131019E5D9DA00BBA749 /* SingleTweetViewController.swift in Sources */,
				D5888B9319E34A7700E9CE99 /* AppDelegate.swift in Sources */,
				D5888B9619E34A7700E9CE99 /* TwitterClone.xcdatamodeld in Sources */,
			);
			runOnlyForDeploymentPostprocessing = 0;
		};
		D5888BA119E34A7800E9CE99 /* Sources */ = {
			isa = PBXSourcesBuildPhase;
			buildActionMask = 2147483647;
			files = (
				D5888BAC19E34A7800E9CE99 /* TwitterCloneTests.swift in Sources */,
			);
			runOnlyForDeploymentPostprocessing = 0;
		};
/* End PBXSourcesBuildPhase section */

/* Begin PBXTargetDependency section */
		D5888BA719E34A7800E9CE99 /* PBXTargetDependency */ = {
			isa = PBXTargetDependency;
			target = D5888B8C19E34A7700E9CE99 /* TwitterClone */;
			targetProxy = D5888BA619E34A7800E9CE99 /* PBXContainerItemProxy */;
		};
/* End PBXTargetDependency section */

/* Begin PBXVariantGroup section */
		D5888B9919E34A7700E9CE99 /* Main.storyboard */ = {
			isa = PBXVariantGroup;
			children = (
				D5888B9A19E34A7700E9CE99 /* Base */,
			);
			name = Main.storyboard;
			sourceTree = "<group>";
		};
		D5888B9E19E34A7700E9CE99 /* LaunchScreen.xib */ = {
			isa = PBXVariantGroup;
			children = (
				D5888B9F19E34A7700E9CE99 /* Base */,
			);
			name = LaunchScreen.xib;
			sourceTree = "<group>";
		};
/* End PBXVariantGroup section */

/* Begin XCBuildConfiguration section */
		D5888BAD19E34A7800E9CE99 /* Debug */ = {
			isa = XCBuildConfiguration;
			buildSettings = {
				ALWAYS_SEARCH_USER_PATHS = NO;
				CLANG_CXX_LANGUAGE_STANDARD = "gnu++0x";
				CLANG_CXX_LIBRARY = "libc++";
				CLANG_ENABLE_MODULES = YES;
				CLANG_ENABLE_OBJC_ARC = YES;
				CLANG_WARN_BOOL_CONVERSION = YES;
				CLANG_WARN_CONSTANT_CONVERSION = YES;
				CLANG_WARN_DIRECT_OBJC_ISA_USAGE = YES_ERROR;
				CLANG_WARN_EMPTY_BODY = YES;
				CLANG_WARN_ENUM_CONVERSION = YES;
				CLANG_WARN_INT_CONVERSION = YES;
				CLANG_WARN_OBJC_ROOT_CLASS = YES_ERROR;
				CLANG_WARN_UNREACHABLE_CODE = YES;
				CLANG_WARN__DUPLICATE_METHOD_MATCH = YES;
				"CODE_SIGN_IDENTITY[sdk=iphoneos*]" = "iPhone Developer";
				COPY_PHASE_STRIP = NO;
				ENABLE_STRICT_OBJC_MSGSEND = YES;
				GCC_C_LANGUAGE_STANDARD = gnu99;
				GCC_DYNAMIC_NO_PIC = NO;
				GCC_OPTIMIZATION_LEVEL = 0;
				GCC_PREPROCESSOR_DEFINITIONS = (
					"DEBUG=1",
					"$(inherited)",
				);
				GCC_SYMBOLS_PRIVATE_EXTERN = NO;
				GCC_WARN_64_TO_32_BIT_CONVERSION = YES;
				GCC_WARN_ABOUT_RETURN_TYPE = YES_ERROR;
				GCC_WARN_UNDECLARED_SELECTOR = YES;
				GCC_WARN_UNINITIALIZED_AUTOS = YES_AGGRESSIVE;
				GCC_WARN_UNUSED_FUNCTION = YES;
				GCC_WARN_UNUSED_VARIABLE = YES;
				IPHONEOS_DEPLOYMENT_TARGET = 8.0;
				MTL_ENABLE_DEBUG_INFO = YES;
				ONLY_ACTIVE_ARCH = YES;
				SDKROOT = iphoneos;
				SWIFT_OPTIMIZATION_LEVEL = "-Onone";
				TARGETED_DEVICE_FAMILY = "1,2";
			};
			name = Debug;
		};
		D5888BAE19E34A7800E9CE99 /* Release */ = {
			isa = XCBuildConfiguration;
			buildSettings = {
				ALWAYS_SEARCH_USER_PATHS = NO;
				CLANG_CXX_LANGUAGE_STANDARD = "gnu++0x";
				CLANG_CXX_LIBRARY = "libc++";
				CLANG_ENABLE_MODULES = YES;
				CLANG_ENABLE_OBJC_ARC = YES;
				CLANG_WARN_BOOL_CONVERSION = YES;
				CLANG_WARN_CONSTANT_CONVERSION = YES;
				CLANG_WARN_DIRECT_OBJC_ISA_USAGE = YES_ERROR;
				CLANG_WARN_EMPTY_BODY = YES;
				CLANG_WARN_ENUM_CONVERSION = YES;
				CLANG_WARN_INT_CONVERSION = YES;
				CLANG_WARN_OBJC_ROOT_CLASS = YES_ERROR;
				CLANG_WARN_UNREACHABLE_CODE = YES;
				CLANG_WARN__DUPLICATE_METHOD_MATCH = YES;
				"CODE_SIGN_IDENTITY[sdk=iphoneos*]" = "iPhone Developer";
				COPY_PHASE_STRIP = YES;
				ENABLE_NS_ASSERTIONS = NO;
				ENABLE_STRICT_OBJC_MSGSEND = YES;
				GCC_C_LANGUAGE_STANDARD = gnu99;
				GCC_WARN_64_TO_32_BIT_CONVERSION = YES;
				GCC_WARN_ABOUT_RETURN_TYPE = YES_ERROR;
				GCC_WARN_UNDECLARED_SELECTOR = YES;
				GCC_WARN_UNINITIALIZED_AUTOS = YES_AGGRESSIVE;
				GCC_WARN_UNUSED_FUNCTION = YES;
				GCC_WARN_UNUSED_VARIABLE = YES;
				IPHONEOS_DEPLOYMENT_TARGET = 8.0;
				MTL_ENABLE_DEBUG_INFO = NO;
				SDKROOT = iphoneos;
				TARGETED_DEVICE_FAMILY = "1,2";
				VALIDATE_PRODUCT = YES;
			};
			name = Release;
		};
		D5888BB019E34A7800E9CE99 /* Debug */ = {
			isa = XCBuildConfiguration;
			buildSettings = {
				ASSETCATALOG_COMPILER_APPICON_NAME = AppIcon;
				INFOPLIST_FILE = TwitterClone/Info.plist;
				LD_RUNPATH_SEARCH_PATHS = "$(inherited) @executable_path/Frameworks";
				PRODUCT_NAME = "$(TARGET_NAME)";
			};
			name = Debug;
		};
		D5888BB119E34A7800E9CE99 /* Release */ = {
			isa = XCBuildConfiguration;
			buildSettings = {
				ASSETCATALOG_COMPILER_APPICON_NAME = AppIcon;
				INFOPLIST_FILE = TwitterClone/Info.plist;
				LD_RUNPATH_SEARCH_PATHS = "$(inherited) @executable_path/Frameworks";
				PRODUCT_NAME = "$(TARGET_NAME)";
			};
			name = Release;
		};
		D5888BB319E34A7800E9CE99 /* Debug */ = {
			isa = XCBuildConfiguration;
			buildSettings = {
				BUNDLE_LOADER = "$(TEST_HOST)";
				FRAMEWORK_SEARCH_PATHS = (
					"$(SDKROOT)/Developer/Library/Frameworks",
					"$(inherited)",
				);
				GCC_PREPROCESSOR_DEFINITIONS = (
					"DEBUG=1",
					"$(inherited)",
				);
				INFOPLIST_FILE = TwitterCloneTests/Info.plist;
				LD_RUNPATH_SEARCH_PATHS = "$(inherited) @executable_path/Frameworks @loader_path/Frameworks";
				PRODUCT_NAME = "$(TARGET_NAME)";
				TEST_HOST = "$(BUILT_PRODUCTS_DIR)/TwitterClone.app/TwitterClone";
			};
			name = Debug;
		};
		D5888BB419E34A7800E9CE99 /* Release */ = {
			isa = XCBuildConfiguration;
			buildSettings = {
				BUNDLE_LOADER = "$(TEST_HOST)";
				FRAMEWORK_SEARCH_PATHS = (
					"$(SDKROOT)/Developer/Library/Frameworks",
					"$(inherited)",
				);
				INFOPLIST_FILE = TwitterCloneTests/Info.plist;
				LD_RUNPATH_SEARCH_PATHS = "$(inherited) @executable_path/Frameworks @loader_path/Frameworks";
				PRODUCT_NAME = "$(TARGET_NAME)";
				TEST_HOST = "$(BUILT_PRODUCTS_DIR)/TwitterClone.app/TwitterClone";
			};
			name = Release;
		};
/* End XCBuildConfiguration section */

/* Begin XCConfigurationList section */
		D5888B8819E34A7700E9CE99 /* Build configuration list for PBXProject "TwitterClone" */ = {
			isa = XCConfigurationList;
			buildConfigurations = (
				D5888BAD19E34A7800E9CE99 /* Debug */,
				D5888BAE19E34A7800E9CE99 /* Release */,
			);
			defaultConfigurationIsVisible = 0;
			defaultConfigurationName = Release;
		};
		D5888BAF19E34A7800E9CE99 /* Build configuration list for PBXNativeTarget "TwitterClone" */ = {
			isa = XCConfigurationList;
			buildConfigurations = (
				D5888BB019E34A7800E9CE99 /* Debug */,
				D5888BB119E34A7800E9CE99 /* Release */,
			);
			defaultConfigurationIsVisible = 0;
			defaultConfigurationName = Release;
		};
		D5888BB219E34A7800E9CE99 /* Build configuration list for PBXNativeTarget "TwitterCloneTests" */ = {
			isa = XCConfigurationList;
			buildConfigurations = (
				D5888BB319E34A7800E9CE99 /* Debug */,
				D5888BB419E34A7800E9CE99 /* Release */,
			);
			defaultConfigurationIsVisible = 0;
			defaultConfigurationName = Release;
		};
/* End XCConfigurationList section */

/* Begin XCVersionGroup section */
		D5888B9419E34A7700E9CE99 /* TwitterClone.xcdatamodeld */ = {
			isa = XCVersionGroup;
			children = (
				D5888B9519E34A7700E9CE99 /* TwitterClone.xcdatamodel */,
			);
			currentVersion = D5888B9519E34A7700E9CE99 /* TwitterClone.xcdatamodel */;
			path = TwitterClone.xcdatamodeld;
			sourceTree = "<group>";
			versionGroupType = wrapper.xcdatamodel;
		};
/* End XCVersionGroup section */
	};
	rootObject = D5888B8519E34A7700E9CE99 /* Project object */;
}
